// !$*UTF8*$!
{
	archiveVersion = 1;
	classes = {
	};
	objectVersion = 50;
	objects = {

/* Begin PBXBuildFile section */
		EF365C212899A84200A4AFAF /* AppDelegate.swift in Sources */ = {isa = PBXBuildFile; fileRef = EF365C202899A84200A4AFAF /* AppDelegate.swift */; };
		EF365C232899A84200A4AFAF /* SceneDelegate.swift in Sources */ = {isa = PBXBuildFile; fileRef = EF365C222899A84200A4AFAF /* SceneDelegate.swift */; };
		EF365C252899A84200A4AFAF /* ViewController.swift in Sources */ = {isa = PBXBuildFile; fileRef = EF365C242899A84200A4AFAF /* ViewController.swift */; };
		EF365C282899A84200A4AFAF /* Main.storyboard in Resources */ = {isa = PBXBuildFile; fileRef = EF365C262899A84200A4AFAF /* Main.storyboard */; };
		EF365C2B2899A84200A4AFAF /* shade.xcdatamodeld in Sources */ = {isa = PBXBuildFile; fileRef = EF365C292899A84200A4AFAF /* shade.xcdatamodeld */; };
		EF365C2D2899A84800A4AFAF /* Assets.xcassets in Resources */ = {isa = PBXBuildFile; fileRef = EF365C2C2899A84800A4AFAF /* Assets.xcassets */; };
		EF365C302899A84800A4AFAF /* LaunchScreen.storyboard in Resources */ = {isa = PBXBuildFile; fileRef = EF365C2E2899A84800A4AFAF /* LaunchScreen.storyboard */; };
		EF365C3B2899A84900A4AFAF /* shadeTests.swift in Sources */ = {isa = PBXBuildFile; fileRef = EF365C3A2899A84900A4AFAF /* shadeTests.swift */; };
		EF365C462899A84900A4AFAF /* shadeUITests.swift in Sources */ = {isa = PBXBuildFile; fileRef = EF365C452899A84900A4AFAF /* shadeUITests.swift */; };
/* End PBXBuildFile section */

/* Begin PBXContainerItemProxy section */
		EF365C372899A84800A4AFAF /* PBXContainerItemProxy */ = {
			isa = PBXContainerItemProxy;
			containerPortal = EF365C152899A84200A4AFAF /* Project object */;
			proxyType = 1;
			remoteGlobalIDString = EF365C1C2899A84200A4AFAF;
			remoteInfo = shade;
		};
		EF365C422899A84900A4AFAF /* PBXContainerItemProxy */ = {
			isa = PBXContainerItemProxy;
			containerPortal = EF365C152899A84200A4AFAF /* Project object */;
			proxyType = 1;
			remoteGlobalIDString = EF365C1C2899A84200A4AFAF;
			remoteInfo = shade;
		};
/* End PBXContainerItemProxy section */

/* Begin PBXFileReference section */
		EF365C1D2899A84200A4AFAF /* shade.app */ = {isa = PBXFileReference; explicitFileType = wrapper.application; includeInIndex = 0; path = shade.app; sourceTree = BUILT_PRODUCTS_DIR; };
		EF365C202899A84200A4AFAF /* AppDelegate.swift */ = {isa = PBXFileReference; lastKnownFileType = sourcecode.swift; path = AppDelegate.swift; sourceTree = "<group>"; };
		EF365C222899A84200A4AFAF /* SceneDelegate.swift */ = {isa = PBXFileReference; lastKnownFileType = sourcecode.swift; path = SceneDelegate.swift; sourceTree = "<group>"; };
		EF365C242899A84200A4AFAF /* ViewController.swift */ = {isa = PBXFileReference; lastKnownFileType = sourcecode.swift; path = ViewController.swift; sourceTree = "<group>"; };
		EF365C272899A84200A4AFAF /* Base */ = {isa = PBXFileReference; lastKnownFileType = file.storyboard; name = Base; path = Base.lproj/Main.storyboard; sourceTree = "<group>"; };
		EF365C2A2899A84200A4AFAF /* shade.xcdatamodel */ = {isa = PBXFileReference; lastKnownFileType = wrapper.xcdatamodel; path = shade.xcdatamodel; sourceTree = "<group>"; };
		EF365C2C2899A84800A4AFAF /* Assets.xcassets */ = {isa = PBXFileReference; lastKnownFileType = folder.assetcatalog; path = Assets.xcassets; sourceTree = "<group>"; };
		EF365C2F2899A84800A4AFAF /* Base */ = {isa = PBXFileReference; lastKnownFileType = file.storyboard; name = Base; path = Base.lproj/LaunchScreen.storyboard; sourceTree = "<group>"; };
		EF365C312899A84800A4AFAF /* Info.plist */ = {isa = PBXFileReference; lastKnownFileType = text.plist.xml; path = Info.plist; sourceTree = "<group>"; };
		EF365C362899A84800A4AFAF /* shadeTests.xctest */ = {isa = PBXFileReference; explicitFileType = wrapper.cfbundle; includeInIndex = 0; path = shadeTests.xctest; sourceTree = BUILT_PRODUCTS_DIR; };
		EF365C3A2899A84900A4AFAF /* shadeTests.swift */ = {isa = PBXFileReference; lastKnownFileType = sourcecode.swift; path = shadeTests.swift; sourceTree = "<group>"; };
		EF365C3C2899A84900A4AFAF /* Info.plist */ = {isa = PBXFileReference; lastKnownFileType = text.plist.xml; path = Info.plist; sourceTree = "<group>"; };
		EF365C412899A84900A4AFAF /* shadeUITests.xctest */ = {isa = PBXFileReference; explicitFileType = wrapper.cfbundle; includeInIndex = 0; path = shadeUITests.xctest; sourceTree = BUILT_PRODUCTS_DIR; };
		EF365C452899A84900A4AFAF /* shadeUITests.swift */ = {isa = PBXFileReference; lastKnownFileType = sourcecode.swift; path = shadeUITests.swift; sourceTree = "<group>"; };
		EF365C472899A84900A4AFAF /* Info.plist */ = {isa = PBXFileReference; lastKnownFileType = text.plist.xml; path = Info.plist; sourceTree = "<group>"; };
/* End PBXFileReference section */

/* Begin PBXFrameworksBuildPhase section */
		EF365C1A2899A84200A4AFAF /* Frameworks */ = {
			isa = PBXFrameworksBuildPhase;
			buildActionMask = 2147483647;
			files = (
			);
			runOnlyForDeploymentPostprocessing = 0;
		};
		EF365C332899A84800A4AFAF /* Frameworks */ = {
			isa = PBXFrameworksBuildPhase;
			buildActionMask = 2147483647;
			files = (
			);
			runOnlyForDeploymentPostprocessing = 0;
		};
		EF365C3E2899A84900A4AFAF /* Frameworks */ = {
			isa = PBXFrameworksBuildPhase;
			buildActionMask = 2147483647;
			files = (
			);
			runOnlyForDeploymentPostprocessing = 0;
		};
/* End PBXFrameworksBuildPhase section */

/* Begin PBXGroup section */
		EF365C142899A84200A4AFAF = {
			isa = PBXGroup;
			children = (
				EF365C1F2899A84200A4AFAF /* shade */,
				EF365C392899A84900A4AFAF /* shadeTests */,
				EF365C442899A84900A4AFAF /* shadeUITests */,
				EF365C1E2899A84200A4AFAF /* Products */,
			);
			sourceTree = "<group>";
		};
		EF365C1E2899A84200A4AFAF /* Products */ = {
			isa = PBXGroup;
			children = (
				EF365C1D2899A84200A4AFAF /* shade.app */,
				EF365C362899A84800A4AFAF /* shadeTests.xctest */,
				EF365C412899A84900A4AFAF /* shadeUITests.xctest */,
			);
			name = Products;
			sourceTree = "<group>";
		};
		EF365C1F2899A84200A4AFAF /* shade */ = {
			isa = PBXGroup;
			children = (
				EF365C202899A84200A4AFAF /* AppDelegate.swift */,
				EF365C222899A84200A4AFAF /* SceneDelegate.swift */,
				EF365C242899A84200A4AFAF /* ViewController.swift */,
				EF365C262899A84200A4AFAF /* Main.storyboard */,
				EF365C2C2899A84800A4AFAF /* Assets.xcassets */,
				EF365C2E2899A84800A4AFAF /* LaunchScreen.storyboard */,
				EF365C312899A84800A4AFAF /* Info.plist */,
				EF365C292899A84200A4AFAF /* shade.xcdatamodeld */,
			);
			path = shade;
			sourceTree = "<group>";
		};
		EF365C392899A84900A4AFAF /* shadeTests */ = {
			isa = PBXGroup;
			children = (
				EF365C3A2899A84900A4AFAF /* shadeTests.swift */,
				EF365C3C2899A84900A4AFAF /* Info.plist */,
			);
			path = shadeTests;
			sourceTree = "<group>";
		};
		EF365C442899A84900A4AFAF /* shadeUITests */ = {
			isa = PBXGroup;
			children = (
				EF365C452899A84900A4AFAF /* shadeUITests.swift */,
				EF365C472899A84900A4AFAF /* Info.plist */,
			);
			path = shadeUITests;
			sourceTree = "<group>";
		};
/* End PBXGroup section */

/* Begin PBXNativeTarget section */
		EF365C1C2899A84200A4AFAF /* shade */ = {
			isa = PBXNativeTarget;
			buildConfigurationList = EF365C4A2899A84900A4AFAF /* Build configuration list for PBXNativeTarget "shade" */;
			buildPhases = (
				EF365C192899A84200A4AFAF /* Sources */,
				EF365C1A2899A84200A4AFAF /* Frameworks */,
				EF365C1B2899A84200A4AFAF /* Resources */,
			);
			buildRules = (
			);
			dependencies = (
			);
			name = shade;
			productName = shade;
			productReference = EF365C1D2899A84200A4AFAF /* shade.app */;
			productType = "com.apple.product-type.application";
		};
		EF365C352899A84800A4AFAF /* shadeTests */ = {
			isa = PBXNativeTarget;
			buildConfigurationList = EF365C4D2899A84900A4AFAF /* Build configuration list for PBXNativeTarget "shadeTests" */;
			buildPhases = (
				EF365C322899A84800A4AFAF /* Sources */,
				EF365C332899A84800A4AFAF /* Frameworks */,
				EF365C342899A84800A4AFAF /* Resources */,
			);
			buildRules = (
			);
			dependencies = (
				EF365C382899A84800A4AFAF /* PBXTargetDependency */,
			);
			name = shadeTests;
			productName = shadeTests;
			productReference = EF365C362899A84800A4AFAF /* shadeTests.xctest */;
			productType = "com.apple.product-type.bundle.unit-test";
		};
		EF365C402899A84900A4AFAF /* shadeUITests */ = {
			isa = PBXNativeTarget;
			buildConfigurationList = EF365C502899A84900A4AFAF /* Build configuration list for PBXNativeTarget "shadeUITests" */;
			buildPhases = (
				EF365C3D2899A84900A4AFAF /* Sources */,
				EF365C3E2899A84900A4AFAF /* Frameworks */,
				EF365C3F2899A84900A4AFAF /* Resources */,
			);
			buildRules = (
			);
			dependencies = (
				EF365C432899A84900A4AFAF /* PBXTargetDependency */,
			);
			name = shadeUITests;
			productName = shadeUITests;
			productReference = EF365C412899A84900A4AFAF /* shadeUITests.xctest */;
			productType = "com.apple.product-type.bundle.ui-testing";
		};
/* End PBXNativeTarget section */

/* Begin PBXProject section */
		EF365C152899A84200A4AFAF /* Project object */ = {
			isa = PBXProject;
			attributes = {
				LastSwiftUpdateCheck = 1240;
				LastUpgradeCheck = 1240;
				TargetAttributes = {
					EF365C1C2899A84200A4AFAF = {
						CreatedOnToolsVersion = 12.4;
					};
					EF365C352899A84800A4AFAF = {
						CreatedOnToolsVersion = 12.4;
						TestTargetID = EF365C1C2899A84200A4AFAF;
					};
					EF365C402899A84900A4AFAF = {
						CreatedOnToolsVersion = 12.4;
						TestTargetID = EF365C1C2899A84200A4AFAF;
					};
				};
			};
			buildConfigurationList = EF365C182899A84200A4AFAF /* Build configuration list for PBXProject "shade" */;
			compatibilityVersion = "Xcode 9.3";
			developmentRegion = en;
			hasScannedForEncodings = 0;
			knownRegions = (
				en,
				Base,
			);
			mainGroup = EF365C142899A84200A4AFAF;
			productRefGroup = EF365C1E2899A84200A4AFAF /* Products */;
			projectDirPath = "";
			projectRoot = "";
			targets = (
				EF365C1C2899A84200A4AFAF /* shade */,
				EF365C352899A84800A4AFAF /* shadeTests */,
				EF365C402899A84900A4AFAF /* shadeUITests */,
			);
		};
/* End PBXProject section */

/* Begin PBXResourcesBuildPhase section */
		EF365C1B2899A84200A4AFAF /* Resources */ = {
			isa = PBXResourcesBuildPhase;
			buildActionMask = 2147483647;
			files = (
				EF365C302899A84800A4AFAF /* LaunchScreen.storyboard in Resources */,
				EF365C2D2899A84800A4AFAF /* Assets.xcassets in Resources */,
				EF365C282899A84200A4AFAF /* Main.storyboard in Resources */,
			);
			runOnlyForDeploymentPostprocessing = 0;
		};
		EF365C342899A84800A4AFAF /* Resources */ = {
			isa = PBXResourcesBuildPhase;
			buildActionMask = 2147483647;
			files = (
			);
			runOnlyForDeploymentPostprocessing = 0;
		};
		EF365C3F2899A84900A4AFAF /* Resources */ = {
			isa = PBXResourcesBuildPhase;
			buildActionMask = 2147483647;
			files = (
			);
			runOnlyForDeploymentPostprocessing = 0;
		};
/* End PBXResourcesBuildPhase section */

/* Begin PBXSourcesBuildPhase section */
		EF365C192899A84200A4AFAF /* Sources */ = {
			isa = PBXSourcesBuildPhase;
			buildActionMask = 2147483647;
			files = (
				EF365C252899A84200A4AFAF /* ViewController.swift in Sources */,
				EF365C212899A84200A4AFAF /* AppDelegate.swift in Sources */,
				EF365C232899A84200A4AFAF /* SceneDelegate.swift in Sources */,
				EF365C2B2899A84200A4AFAF /* shade.xcdatamodeld in Sources */,
			);
			runOnlyForDeploymentPostprocessing = 0;
		};
		EF365C322899A84800A4AFAF /* Sources */ = {
			isa = PBXSourcesBuildPhase;
			buildActionMask = 2147483647;
			files = (
				EF365C3B2899A84900A4AFAF /* shadeTests.swift in Sources */,
			);
			runOnlyForDeploymentPostprocessing = 0;
		};
		EF365C3D2899A84900A4AFAF /* Sources */ = {
			isa = PBXSourcesBuildPhase;
			buildActionMask = 2147483647;
			files = (
				EF365C462899A84900A4AFAF /* shadeUITests.swift in Sources */,
			);
			runOnlyForDeploymentPostprocessing = 0;
		};
/* End PBXSourcesBuildPhase section */

/* Begin PBXTargetDependency section */
		EF365C382899A84800A4AFAF /* PBXTargetDependency */ = {
			isa = PBXTargetDependency;
			target = EF365C1C2899A84200A4AFAF /* shade */;
			targetProxy = EF365C372899A84800A4AFAF /* PBXContainerItemProxy */;
		};
		EF365C432899A84900A4AFAF /* PBXTargetDependency */ = {
			isa = PBXTargetDependency;
			target = EF365C1C2899A84200A4AFAF /* shade */;
			targetProxy = EF365C422899A84900A4AFAF /* PBXContainerItemProxy */;
		};
/* End PBXTargetDependency section */

/* Begin PBXVariantGroup section */
		EF365C262899A84200A4AFAF /* Main.storyboard */ = {
			isa = PBXVariantGroup;
			children = (
				EF365C272899A84200A4AFAF /* Base */,
			);
			name = Main.storyboard;
			sourceTree = "<group>";
		};
		EF365C2E2899A84800A4AFAF /* LaunchScreen.storyboard */ = {
			isa = PBXVariantGroup;
			children = (
				EF365C2F2899A84800A4AFAF /* Base */,
			);
			name = LaunchScreen.storyboard;
			sourceTree = "<group>";
		};
/* End PBXVariantGroup section */

/* Begin XCBuildConfiguration section */
		EF365C482899A84900A4AFAF /* Debug */ = {
			isa = XCBuildConfiguration;
			buildSettings = {
				ALWAYS_SEARCH_USER_PATHS = NO;
				CLANG_ANALYZER_NONNULL = YES;
				CLANG_ANALYZER_NUMBER_OBJECT_CONVERSION = YES_AGGRESSIVE;
				CLANG_CXX_LANGUAGE_STANDARD = "gnu++14";
				CLANG_CXX_LIBRARY = "libc++";
				CLANG_ENABLE_MODULES = YES;
				CLANG_ENABLE_OBJC_ARC = YES;
				CLANG_ENABLE_OBJC_WEAK = YES;
				CLANG_WARN_BLOCK_CAPTURE_AUTORELEASING = YES;
				CLANG_WARN_BOOL_CONVERSION = YES;
				CLANG_WARN_COMMA = YES;
				CLANG_WARN_CONSTANT_CONVERSION = YES;
				CLANG_WARN_DEPRECATED_OBJC_IMPLEMENTATIONS = YES;
				CLANG_WARN_DIRECT_OBJC_ISA_USAGE = YES_ERROR;
				CLANG_WARN_DOCUMENTATION_COMMENTS = YES;
				CLANG_WARN_EMPTY_BODY = YES;
				CLANG_WARN_ENUM_CONVERSION = YES;
				CLANG_WARN_INFINITE_RECURSION = YES;
				CLANG_WARN_INT_CONVERSION = YES;
				CLANG_WARN_NON_LITERAL_NULL_CONVERSION = YES;
				CLANG_WARN_OBJC_IMPLICIT_RETAIN_SELF = YES;
				CLANG_WARN_OBJC_LITERAL_CONVERSION = YES;
				CLANG_WARN_OBJC_ROOT_CLASS = YES_ERROR;
				CLANG_WARN_QUOTED_INCLUDE_IN_FRAMEWORK_HEADER = YES;
				CLANG_WARN_RANGE_LOOP_ANALYSIS = YES;
				CLANG_WARN_STRICT_PROTOTYPES = YES;
				CLANG_WARN_SUSPICIOUS_MOVE = YES;
				CLANG_WARN_UNGUARDED_AVAILABILITY = YES_AGGRESSIVE;
				CLANG_WARN_UNREACHABLE_CODE = YES;
				CLANG_WARN__DUPLICATE_METHOD_MATCH = YES;
				COPY_PHASE_STRIP = NO;
				DEBUG_INFORMATION_FORMAT = dwarf;
				ENABLE_STRICT_OBJC_MSGSEND = YES;
				ENABLE_TESTABILITY = YES;
				GCC_C_LANGUAGE_STANDARD = gnu11;
				GCC_DYNAMIC_NO_PIC = NO;
				GCC_NO_COMMON_BLOCKS = YES;
				GCC_OPTIMIZATION_LEVEL = 0;
				GCC_PREPROCESSOR_DEFINITIONS = (
					"DEBUG=1",
					"$(inherited)",
				);
				GCC_WARN_64_TO_32_BIT_CONVERSION = YES;
				GCC_WARN_ABOUT_RETURN_TYPE = YES_ERROR;
				GCC_WARN_UNDECLARED_SELECTOR = YES;
				GCC_WARN_UNINITIALIZED_AUTOS = YES_AGGRESSIVE;
				GCC_WARN_UNUSED_FUNCTION = YES;
				GCC_WARN_UNUSED_VARIABLE = YES;
				IPHONEOS_DEPLOYMENT_TARGET = 14.4;
				MTL_ENABLE_DEBUG_INFO = INCLUDE_SOURCE;
				MTL_FAST_MATH = YES;
				ONLY_ACTIVE_ARCH = YES;
				SDKROOT = iphoneos;
				SWIFT_ACTIVE_COMPILATION_CONDITIONS = DEBUG;
				SWIFT_OPTIMIZATION_LEVEL = "-Onone";
			};
			name = Debug;
		};
		EF365C492899A84900A4AFAF /* Release */ = {
			isa = XCBuildConfiguration;
			buildSettings = {
				ALWAYS_SEARCH_USER_PATHS = NO;
				CLANG_ANALYZER_NONNULL = YES;
				CLANG_ANALYZER_NUMBER_OBJECT_CONVERSION = YES_AGGRESSIVE;
				CLANG_CXX_LANGUAGE_STANDARD = "gnu++14";
				CLANG_CXX_LIBRARY = "libc++";
				CLANG_ENABLE_MODULES = YES;
				CLANG_ENABLE_OBJC_ARC = YES;
				CLANG_ENABLE_OBJC_WEAK = YES;
				CLANG_WARN_BLOCK_CAPTURE_AUTORELEASING = YES;
				CLANG_WARN_BOOL_CONVERSION = YES;
				CLANG_WARN_COMMA = YES;
				CLANG_WARN_CONSTANT_CONVERSION = YES;
				CLANG_WARN_DEPRECATED_OBJC_IMPLEMENTATIONS = YES;
				CLANG_WARN_DIRECT_OBJC_ISA_USAGE = YES_ERROR;
				CLANG_WARN_DOCUMENTATION_COMMENTS = YES;
				CLANG_WARN_EMPTY_BODY = YES;
				CLANG_WARN_ENUM_CONVERSION = YES;
				CLANG_WARN_INFINITE_RECURSION = YES;
				CLANG_WARN_INT_CONVERSION = YES;
				CLANG_WARN_NON_LITERAL_NULL_CONVERSION = YES;
				CLANG_WARN_OBJC_IMPLICIT_RETAIN_SELF = YES;
				CLANG_WARN_OBJC_LITERAL_CONVERSION = YES;
				CLANG_WARN_OBJC_ROOT_CLASS = YES_ERROR;
				CLANG_WARN_QUOTED_INCLUDE_IN_FRAMEWORK_HEADER = YES;
				CLANG_WARN_RANGE_LOOP_ANALYSIS = YES;
				CLANG_WARN_STRICT_PROTOTYPES = YES;
				CLANG_WARN_SUSPICIOUS_MOVE = YES;
				CLANG_WARN_UNGUARDED_AVAILABILITY = YES_AGGRESSIVE;
				CLANG_WARN_UNREACHABLE_CODE = YES;
				CLANG_WARN__DUPLICATE_METHOD_MATCH = YES;
				COPY_PHASE_STRIP = NO;
				DEBUG_INFORMATION_FORMAT = "dwarf-with-dsym";
				ENABLE_NS_ASSERTIONS = NO;
				ENABLE_STRICT_OBJC_MSGSEND = YES;
				GCC_C_LANGUAGE_STANDARD = gnu11;
				GCC_NO_COMMON_BLOCKS = YES;
				GCC_WARN_64_TO_32_BIT_CONVERSION = YES;
				GCC_WARN_ABOUT_RETURN_TYPE = YES_ERROR;
				GCC_WARN_UNDECLARED_SELECTOR = YES;
				GCC_WARN_UNINITIALIZED_AUTOS = YES_AGGRESSIVE;
				GCC_WARN_UNUSED_FUNCTION = YES;
				GCC_WARN_UNUSED_VARIABLE = YES;
				IPHONEOS_DEPLOYMENT_TARGET = 14.4;
				MTL_ENABLE_DEBUG_INFO = NO;
				MTL_FAST_MATH = YES;
				SDKROOT = iphoneos;
				SWIFT_COMPILATION_MODE = wholemodule;
				SWIFT_OPTIMIZATION_LEVEL = "-O";
				VALIDATE_PRODUCT = YES;
			};
			name = Release;
		};
		EF365C4B2899A84900A4AFAF /* Debug */ = {
			isa = XCBuildConfiguration;
			buildSettings = {
				ASSETCATALOG_COMPILER_APPICON_NAME = AppIcon;
				ASSETCATALOG_COMPILER_GLOBAL_ACCENT_COLOR_NAME = AccentColor;
				CODE_SIGN_STYLE = Automatic;
				INFOPLIST_FILE = shade/Info.plist;
				LD_RUNPATH_SEARCH_PATHS = (
					"$(inherited)",
					"@executable_path/Frameworks",
				);
				PRODUCT_BUNDLE_IDENTIFIER = kwk.shade;
				PRODUCT_NAME = "$(TARGET_NAME)";
				SWIFT_VERSION = 5.0;
				TARGETED_DEVICE_FAMILY = "1,2";
			};
			name = Debug;
		};
		EF365C4C2899A84900A4AFAF /* Release */ = {
			isa = XCBuildConfiguration;
			buildSettings = {
				ASSETCATALOG_COMPILER_APPICON_NAME = AppIcon;
				ASSETCATALOG_COMPILER_GLOBAL_ACCENT_COLOR_NAME = AccentColor;
				CODE_SIGN_STYLE = Automatic;
				INFOPLIST_FILE = shade/Info.plist;
				LD_RUNPATH_SEARCH_PATHS = (
					"$(inherited)",
					"@executable_path/Frameworks",
				);
				PRODUCT_BUNDLE_IDENTIFIER = kwk.shade;
				PRODUCT_NAME = "$(TARGET_NAME)";
				SWIFT_VERSION = 5.0;
				TARGETED_DEVICE_FAMILY = "1,2";
			};
			name = Release;
		};
		EF365C4E2899A84900A4AFAF /* Debug */ = {
			isa = XCBuildConfiguration;
			buildSettings = {
				ALWAYS_EMBED_SWIFT_STANDARD_LIBRARIES = YES;
				BUNDLE_LOADER = "$(TEST_HOST)";
				CODE_SIGN_STYLE = Automatic;
				INFOPLIST_FILE = shadeTests/Info.plist;
				IPHONEOS_DEPLOYMENT_TARGET = 14.4;
				LD_RUNPATH_SEARCH_PATHS = (
					"$(inherited)",
					"@executable_path/Frameworks",
					"@loader_path/Frameworks",
				);
				PRODUCT_BUNDLE_IDENTIFIER = kwk.shadeTests;
				PRODUCT_NAME = "$(TARGET_NAME)";
				SWIFT_VERSION = 5.0;
				TARGETED_DEVICE_FAMILY = "1,2";
				TEST_HOST = "$(BUILT_PRODUCTS_DIR)/shade.app/shade";
			};
			name = Debug;
		};
		EF365C4F2899A84900A4AFAF /* Release */ = {
			isa = XCBuildConfiguration;
			buildSettings = {
				ALWAYS_EMBED_SWIFT_STANDARD_LIBRARIES = YES;
				BUNDLE_LOADER = "$(TEST_HOST)";
				CODE_SIGN_STYLE = Automatic;
				INFOPLIST_FILE = shadeTests/Info.plist;
				IPHONEOS_DEPLOYMENT_TARGET = 14.4;
				LD_RUNPATH_SEARCH_PATHS = (
					"$(inherited)",
					"@executable_path/Frameworks",
					"@loader_path/Frameworks",
				);
				PRODUCT_BUNDLE_IDENTIFIER = kwk.shadeTests;
				PRODUCT_NAME = "$(TARGET_NAME)";
				SWIFT_VERSION = 5.0;
				TARGETED_DEVICE_FAMILY = "1,2";
				TEST_HOST = "$(BUILT_PRODUCTS_DIR)/shade.app/shade";
			};
			name = Release;
		};
		EF365C512899A84900A4AFAF /* Debug */ = {
			isa = XCBuildConfiguration;
			buildSettings = {
				ALWAYS_EMBED_SWIFT_STANDARD_LIBRARIES = YES;
				CODE_SIGN_STYLE = Automatic;
				INFOPLIST_FILE = shadeUITests/Info.plist;
				LD_RUNPATH_SEARCH_PATHS = (
					"$(inherited)",
					"@executable_path/Frameworks",
					"@loader_path/Frameworks",
				);
				PRODUCT_BUNDLE_IDENTIFIER = kwk.shadeUITests;
				PRODUCT_NAME = "$(TARGET_NAME)";
				SWIFT_VERSION = 5.0;
				TARGETED_DEVICE_FAMILY = "1,2";
				TEST_TARGET_NAME = shade;
			};
			name = Debug;
		};
		EF365C522899A84900A4AFAF /* Release */ = {
			isa = XCBuildConfiguration;
			buildSettings = {
				ALWAYS_EMBED_SWIFT_STANDARD_LIBRARIES = YES;
				CODE_SIGN_STYLE = Automatic;
				INFOPLIST_FILE = shadeUITests/Info.plist;
				LD_RUNPATH_SEARCH_PATHS = (
					"$(inherited)",
					"@executable_path/Frameworks",
					"@loader_path/Frameworks",
				);
				PRODUCT_BUNDLE_IDENTIFIER = kwk.shadeUITests;
				PRODUCT_NAME = "$(TARGET_NAME)";
				SWIFT_VERSION = 5.0;
				TARGETED_DEVICE_FAMILY = "1,2";
				TEST_TARGET_NAME = shade;
			};
			name = Release;
		};
/* End XCBuildConfiguration section */

/* Begin XCConfigurationList section */
		EF365C182899A84200A4AFAF /* Build configuration list for PBXProject "shade" */ = {
			isa = XCConfigurationList;
			buildConfigurations = (
				EF365C482899A84900A4AFAF /* Debug */,
				EF365C492899A84900A4AFAF /* Release */,
			);
			defaultConfigurationIsVisible = 0;
			defaultConfigurationName = Release;
		};
		EF365C4A2899A84900A4AFAF /* Build configuration list for PBXNativeTarget "shade" */ = {
			isa = XCConfigurationList;
			buildConfigurations = (
				EF365C4B2899A84900A4AFAF /* Debug */,
				EF365C4C2899A84900A4AFAF /* Release */,
			);
			defaultConfigurationIsVisible = 0;
			defaultConfigurationName = Release;
		};
		EF365C4D2899A84900A4AFAF /* Build configuration list for PBXNativeTarget "shadeTests" */ = {
			isa = XCConfigurationList;
			buildConfigurations = (
				EF365C4E2899A84900A4AFAF /* Debug */,
				EF365C4F2899A84900A4AFAF /* Release */,
			);
			defaultConfigurationIsVisible = 0;
			defaultConfigurationName = Release;
		};
		EF365C502899A84900A4AFAF /* Build configuration list for PBXNativeTarget "shadeUITests" */ = {
			isa = XCConfigurationList;
			buildConfigurations = (
				EF365C512899A84900A4AFAF /* Debug */,
				EF365C522899A84900A4AFAF /* Release */,
			);
			defaultConfigurationIsVisible = 0;
			defaultConfigurationName = Release;
		};
/* End XCConfigurationList section */

/* Begin XCVersionGroup section */
		EF365C292899A84200A4AFAF /* shade.xcdatamodeld */ = {
			isa = XCVersionGroup;
			children = (
				EF365C2A2899A84200A4AFAF /* shade.xcdatamodel */,
			);
			currentVersion = EF365C2A2899A84200A4AFAF /* shade.xcdatamodel */;
			path = shade.xcdatamodeld;
			sourceTree = "<group>";
			versionGroupType = wrapper.xcdatamodel;
		};
/* End XCVersionGroup section */
	};
	rootObject = EF365C152899A84200A4AFAF /* Project object */;
}
